
Microsoft Visual Studio Solution File, Format Version 12.00
# Visual Studio Version 16
VisualStudioVersion = 16.0.29306.81
MinimumVisualStudioVersion = 10.0.40219.1
Project("{FAE04EC0-301F-11D3-BF4B-00C04F79EFBC}") = "KizhiPart2", "KizhiPart2.csproj", "{7CB72D20-917C-4878-8B35-F3EBA7219104}"
EndProject
Global
	GlobalSection(SolutionConfigurationPlatforms) = preSolution
		Debug|Any CPU = Debug|Any CPU
		Release|Any CPU = Release|Any CPU
	EndGlobalSection
	GlobalSection(ProjectConfigurationPlatforms) = postSolution
		{7CB72D20-917C-4878-8B35-F3EBA7219104}.Debug|Any CPU.ActiveCfg = Debug|Any CPU
		{7CB72D20-917C-4878-8B35-F3EBA7219104}.Debug|Any CPU.Build.0 = Debug|Any CPU
		{7CB72D20-917C-4878-8B35-F3EBA7219104}.Release|Any CPU.ActiveCfg = Release|Any CPU
		{7CB72D20-917C-4878-8B35-F3EBA7219104}.Release|Any CPU.Build.0 = Release|Any CPU
	EndGlobalSection
	GlobalSection(SolutionProperties) = preSolution
		HideSolutionNode = FALSE
	EndGlobalSection
	GlobalSection(ExtensibilityGlobals) = postSolution
		SolutionGuid = {A2895C21-481B-43BC-8F02-E3540F622005}
	EndGlobalSection
EndGlobal
